// !$*UTF8*$!
{
	archiveVersion = 1;
	classes = {
	};
	objectVersion = 46;
	objects = {

/* Begin PBXBuildFile section */
		393DD86A1ABAD6F90024E5B4 /* AppDelegate.swift in Sources */ = {isa = PBXBuildFile; fileRef = 393DD8691ABAD6F90024E5B4 /* AppDelegate.swift */; };
		393DD86C1ABAD6F90024E5B4 /* ViewController.swift in Sources */ = {isa = PBXBuildFile; fileRef = 393DD86B1ABAD6F90024E5B4 /* ViewController.swift */; };
		393DD86F1ABAD6F90024E5B4 /* Main.storyboard in Resources */ = {isa = PBXBuildFile; fileRef = 393DD86D1ABAD6F90024E5B4 /* Main.storyboard */; };
		393DD8711ABAD6F90024E5B4 /* Images.xcassets in Resources */ = {isa = PBXBuildFile; fileRef = 393DD8701ABAD6F90024E5B4 /* Images.xcassets */; };
		393DD8741ABAD6F90024E5B4 /* LaunchScreen.xib in Resources */ = {isa = PBXBuildFile; fileRef = 393DD8721ABAD6F90024E5B4 /* LaunchScreen.xib */; };
		393DD8801ABAD6F90024E5B4 /* EmealTests.swift in Sources */ = {isa = PBXBuildFile; fileRef = 393DD87F1ABAD6F90024E5B4 /* EmealTests.swift */; };
		393DD88A1ABAD96E0024E5B4 /* Colors.swift in Sources */ = {isa = PBXBuildFile; fileRef = 393DD8891ABAD96E0024E5B4 /* Colors.swift */; };
		393DD88C1ABAD9860024E5B4 /* UIColorExtension.swift in Sources */ = {isa = PBXBuildFile; fileRef = 393DD88B1ABAD9860024E5B4 /* UIColorExtension.swift */; };
/* End PBXBuildFile section */

/* Begin PBXContainerItemProxy section */
		393DD87A1ABAD6F90024E5B4 /* PBXContainerItemProxy */ = {
			isa = PBXContainerItemProxy;
			containerPortal = 393DD85C1ABAD6F90024E5B4 /* Project object */;
			proxyType = 1;
			remoteGlobalIDString = 393DD8631ABAD6F90024E5B4;
			remoteInfo = Emeal;
		};
/* End PBXContainerItemProxy section */

/* Begin PBXFileReference section */
		393DD8641ABAD6F90024E5B4 /* Emeal.app */ = {isa = PBXFileReference; explicitFileType = wrapper.application; includeInIndex = 0; path = Emeal.app; sourceTree = BUILT_PRODUCTS_DIR; };
		393DD8681ABAD6F90024E5B4 /* Info.plist */ = {isa = PBXFileReference; lastKnownFileType = text.plist.xml; path = Info.plist; sourceTree = "<group>"; };
		393DD8691ABAD6F90024E5B4 /* AppDelegate.swift */ = {isa = PBXFileReference; lastKnownFileType = sourcecode.swift; path = AppDelegate.swift; sourceTree = "<group>"; };
		393DD86B1ABAD6F90024E5B4 /* ViewController.swift */ = {isa = PBXFileReference; lastKnownFileType = sourcecode.swift; path = ViewController.swift; sourceTree = "<group>"; };
		393DD86E1ABAD6F90024E5B4 /* Base */ = {isa = PBXFileReference; lastKnownFileType = file.storyboard; name = Base; path = Base.lproj/Main.storyboard; sourceTree = "<group>"; };
		393DD8701ABAD6F90024E5B4 /* Images.xcassets */ = {isa = PBXFileReference; lastKnownFileType = folder.assetcatalog; path = Images.xcassets; sourceTree = "<group>"; };
		393DD8731ABAD6F90024E5B4 /* Base */ = {isa = PBXFileReference; lastKnownFileType = file.xib; name = Base; path = Base.lproj/LaunchScreen.xib; sourceTree = "<group>"; };
		393DD8791ABAD6F90024E5B4 /* EmealTests.xctest */ = {isa = PBXFileReference; explicitFileType = wrapper.cfbundle; includeInIndex = 0; path = EmealTests.xctest; sourceTree = BUILT_PRODUCTS_DIR; };
		393DD87E1ABAD6F90024E5B4 /* Info.plist */ = {isa = PBXFileReference; lastKnownFileType = text.plist.xml; path = Info.plist; sourceTree = "<group>"; };
		393DD87F1ABAD6F90024E5B4 /* EmealTests.swift */ = {isa = PBXFileReference; lastKnownFileType = sourcecode.swift; path = EmealTests.swift; sourceTree = "<group>"; };
		393DD8891ABAD96E0024E5B4 /* Colors.swift */ = {isa = PBXFileReference; fileEncoding = 4; lastKnownFileType = sourcecode.swift; path = Colors.swift; sourceTree = "<group>"; };
		393DD88B1ABAD9860024E5B4 /* UIColorExtension.swift */ = {isa = PBXFileReference; fileEncoding = 4; lastKnownFileType = sourcecode.swift; path = UIColorExtension.swift; sourceTree = "<group>"; };
/* End PBXFileReference section */

/* Begin PBXFrameworksBuildPhase section */
		393DD8611ABAD6F90024E5B4 /* Frameworks */ = {
			isa = PBXFrameworksBuildPhase;
			buildActionMask = 2147483647;
			files = (
			);
			runOnlyForDeploymentPostprocessing = 0;
		};
		393DD8761ABAD6F90024E5B4 /* Frameworks */ = {
			isa = PBXFrameworksBuildPhase;
			buildActionMask = 2147483647;
			files = (
			);
			runOnlyForDeploymentPostprocessing = 0;
		};
/* End PBXFrameworksBuildPhase section */

/* Begin PBXGroup section */
		393DD85B1ABAD6F90024E5B4 = {
			isa = PBXGroup;
			children = (
				393DD8661ABAD6F90024E5B4 /* Emeal */,
				393DD87C1ABAD6F90024E5B4 /* EmealTests */,
				393DD8651ABAD6F90024E5B4 /* Products */,
			);
			sourceTree = "<group>";
		};
		393DD8651ABAD6F90024E5B4 /* Products */ = {
			isa = PBXGroup;
			children = (
				393DD8641ABAD6F90024E5B4 /* Emeal.app */,
				393DD8791ABAD6F90024E5B4 /* EmealTests.xctest */,
			);
			name = Products;
			sourceTree = "<group>";
		};
		393DD8661ABAD6F90024E5B4 /* Emeal */ = {
			isa = PBXGroup;
			children = (
				393DD8691ABAD6F90024E5B4 /* AppDelegate.swift */,
				393DD8891ABAD96E0024E5B4 /* Colors.swift */,
				393DD88B1ABAD9860024E5B4 /* UIColorExtension.swift */,
				393DD86B1ABAD6F90024E5B4 /* ViewController.swift */,
				393DD86D1ABAD6F90024E5B4 /* Main.storyboard */,
				393DD8701ABAD6F90024E5B4 /* Images.xcassets */,
				393DD8721ABAD6F90024E5B4 /* LaunchScreen.xib */,
				393DD8671ABAD6F90024E5B4 /* Supporting Files */,
			);
			path = Emeal;
			sourceTree = "<group>";
		};
		393DD8671ABAD6F90024E5B4 /* Supporting Files */ = {
			isa = PBXGroup;
			children = (
				393DD8681ABAD6F90024E5B4 /* Info.plist */,
			);
			name = "Supporting Files";
			sourceTree = "<group>";
		};
		393DD87C1ABAD6F90024E5B4 /* EmealTests */ = {
			isa = PBXGroup;
			children = (
				393DD87F1ABAD6F90024E5B4 /* EmealTests.swift */,
				393DD87D1ABAD6F90024E5B4 /* Supporting Files */,
			);
			path = EmealTests;
			sourceTree = "<group>";
		};
		393DD87D1ABAD6F90024E5B4 /* Supporting Files */ = {
			isa = PBXGroup;
			children = (
				393DD87E1ABAD6F90024E5B4 /* Info.plist */,
			);
			name = "Supporting Files";
			sourceTree = "<group>";
		};
/* End PBXGroup section */

/* Begin PBXNativeTarget section */
		393DD8631ABAD6F90024E5B4 /* Emeal */ = {
			isa = PBXNativeTarget;
			buildConfigurationList = 393DD8831ABAD6F90024E5B4 /* Build configuration list for PBXNativeTarget "Emeal" */;
			buildPhases = (
				393DD8601ABAD6F90024E5B4 /* Sources */,
				393DD8611ABAD6F90024E5B4 /* Frameworks */,
				393DD8621ABAD6F90024E5B4 /* Resources */,
			);
			buildRules = (
			);
			dependencies = (
			);
			name = Emeal;
			productName = Emeal;
			productReference = 393DD8641ABAD6F90024E5B4 /* Emeal.app */;
			productType = "com.apple.product-type.application";
		};
		393DD8781ABAD6F90024E5B4 /* EmealTests */ = {
			isa = PBXNativeTarget;
			buildConfigurationList = 393DD8861ABAD6F90024E5B4 /* Build configuration list for PBXNativeTarget "EmealTests" */;
			buildPhases = (
				393DD8751ABAD6F90024E5B4 /* Sources */,
				393DD8761ABAD6F90024E5B4 /* Frameworks */,
				393DD8771ABAD6F90024E5B4 /* Resources */,
			);
			buildRules = (
			);
			dependencies = (
				393DD87B1ABAD6F90024E5B4 /* PBXTargetDependency */,
			);
			name = EmealTests;
			productName = EmealTests;
			productReference = 393DD8791ABAD6F90024E5B4 /* EmealTests.xctest */;
			productType = "com.apple.product-type.bundle.unit-test";
		};
/* End PBXNativeTarget section */

/* Begin PBXProject section */
		393DD85C1ABAD6F90024E5B4 /* Project object */ = {
			isa = PBXProject;
			attributes = {
				LastUpgradeCheck = 0630;
				ORGANIZATIONNAME = kilian.io;
				TargetAttributes = {
					393DD8631ABAD6F90024E5B4 = {
						CreatedOnToolsVersion = 6.3;
					};
					393DD8781ABAD6F90024E5B4 = {
						CreatedOnToolsVersion = 6.3;
						TestTargetID = 393DD8631ABAD6F90024E5B4;
					};
				};
			};
			buildConfigurationList = 393DD85F1ABAD6F90024E5B4 /* Build configuration list for PBXProject "Emeal" */;
			compatibilityVersion = "Xcode 3.2";
			developmentRegion = English;
			hasScannedForEncodings = 0;
			knownRegions = (
				en,
				Base,
			);
			mainGroup = 393DD85B1ABAD6F90024E5B4;
			productRefGroup = 393DD8651ABAD6F90024E5B4 /* Products */;
			projectDirPath = "";
			projectRoot = "";
			targets = (
				393DD8631ABAD6F90024E5B4 /* Emeal */,
				393DD8781ABAD6F90024E5B4 /* EmealTests */,
			);
		};
/* End PBXProject section */

/* Begin PBXResourcesBuildPhase section */
		393DD8621ABAD6F90024E5B4 /* Resources */ = {
			isa = PBXResourcesBuildPhase;
			buildActionMask = 2147483647;
			files = (
				393DD86F1ABAD6F90024E5B4 /* Main.storyboard in Resources */,
				393DD8741ABAD6F90024E5B4 /* LaunchScreen.xib in Resources */,
				393DD8711ABAD6F90024E5B4 /* Images.xcassets in Resources */,
			);
			runOnlyForDeploymentPostprocessing = 0;
		};
		393DD8771ABAD6F90024E5B4 /* Resources */ = {
			isa = PBXResourcesBuildPhase;
			buildActionMask = 2147483647;
			files = (
			);
			runOnlyForDeploymentPostprocessing = 0;
		};
/* End PBXResourcesBuildPhase section */

/* Begin PBXSourcesBuildPhase section */
		393DD8601ABAD6F90024E5B4 /* Sources */ = {
			isa = PBXSourcesBuildPhase;
			buildActionMask = 2147483647;
			files = (
				393DD86C1ABAD6F90024E5B4 /* ViewController.swift in Sources */,
				393DD88A1ABAD96E0024E5B4 /* Colors.swift in Sources */,
				393DD86A1ABAD6F90024E5B4 /* AppDelegate.swift in Sources */,
				393DD88C1ABAD9860024E5B4 /* UIColorExtension.swift in Sources */,
			);
			runOnlyForDeploymentPostprocessing = 0;
		};
		393DD8751ABAD6F90024E5B4 /* Sources */ = {
			isa = PBXSourcesBuildPhase;
			buildActionMask = 2147483647;
			files = (
				393DD8801ABAD6F90024E5B4 /* EmealTests.swift in Sources */,
			);
			runOnlyForDeploymentPostprocessing = 0;
		};
/* End PBXSourcesBuildPhase section */

/* Begin PBXTargetDependency section */
		393DD87B1ABAD6F90024E5B4 /* PBXTargetDependency */ = {
			isa = PBXTargetDependency;
			target = 393DD8631ABAD6F90024E5B4 /* Emeal */;
			targetProxy = 393DD87A1ABAD6F90024E5B4 /* PBXContainerItemProxy */;
		};
/* End PBXTargetDependency section */

/* Begin PBXVariantGroup section */
		393DD86D1ABAD6F90024E5B4 /* Main.storyboard */ = {
			isa = PBXVariantGroup;
			children = (
				393DD86E1ABAD6F90024E5B4 /* Base */,
			);
			name = Main.storyboard;
			sourceTree = "<group>";
		};
		393DD8721ABAD6F90024E5B4 /* LaunchScreen.xib */ = {
			isa = PBXVariantGroup;
			children = (
				393DD8731ABAD6F90024E5B4 /* Base */,
			);
			name = LaunchScreen.xib;
			sourceTree = "<group>";
		};
/* End PBXVariantGroup section */

/* Begin XCBuildConfiguration section */
		393DD8811ABAD6F90024E5B4 /* Debug */ = {
			isa = XCBuildConfiguration;
			buildSettings = {
				ALWAYS_SEARCH_USER_PATHS = NO;
				CLANG_CXX_LANGUAGE_STANDARD = "gnu++0x";
				CLANG_CXX_LIBRARY = "libc++";
				CLANG_ENABLE_MODULES = YES;
				CLANG_ENABLE_OBJC_ARC = YES;
				CLANG_WARN_BOOL_CONVERSION = YES;
				CLANG_WARN_CONSTANT_CONVERSION = YES;
				CLANG_WARN_DIRECT_OBJC_ISA_USAGE = YES_ERROR;
				CLANG_WARN_EMPTY_BODY = YES;
				CLANG_WARN_ENUM_CONVERSION = YES;
				CLANG_WARN_INT_CONVERSION = YES;
				CLANG_WARN_OBJC_ROOT_CLASS = YES_ERROR;
				CLANG_WARN_UNREACHABLE_CODE = YES;
				CLANG_WARN__DUPLICATE_METHOD_MATCH = YES;
				"CODE_SIGN_IDENTITY[sdk=iphoneos*]" = "iPhone Developer";
				COPY_PHASE_STRIP = NO;
				DEBUG_INFORMATION_FORMAT = "dwarf-with-dsym";
				ENABLE_STRICT_OBJC_MSGSEND = YES;
				GCC_C_LANGUAGE_STANDARD = gnu99;
				GCC_DYNAMIC_NO_PIC = NO;
				GCC_NO_COMMON_BLOCKS = YES;
				GCC_OPTIMIZATION_LEVEL = 0;
				GCC_PREPROCESSOR_DEFINITIONS = (
					"DEBUG=1",
					"$(inherited)",
				);
				GCC_SYMBOLS_PRIVATE_EXTERN = NO;
				GCC_WARN_64_TO_32_BIT_CONVERSION = YES;
				GCC_WARN_ABOUT_RETURN_TYPE = YES_ERROR;
				GCC_WARN_UNDECLARED_SELECTOR = YES;
				GCC_WARN_UNINITIALIZED_AUTOS = YES_AGGRESSIVE;
				GCC_WARN_UNUSED_FUNCTION = YES;
				GCC_WARN_UNUSED_VARIABLE = YES;
				IPHONEOS_DEPLOYMENT_TARGET = 8.3;
				MTL_ENABLE_DEBUG_INFO = YES;
				ONLY_ACTIVE_ARCH = YES;
				SDKROOT = iphoneos;
				SWIFT_OPTIMIZATION_LEVEL = "-Onone";
				TARGETED_DEVICE_FAMILY = "1,2";
			};
			name = Debug;
		};
		393DD8821ABAD6F90024E5B4 /* Release */ = {
			isa = XCBuildConfiguration;
			buildSettings = {
				ALWAYS_SEARCH_USER_PATHS = NO;
				CLANG_CXX_LANGUAGE_STANDARD = "gnu++0x";
				CLANG_CXX_LIBRARY = "libc++";
				CLANG_ENABLE_MODULES = YES;
				CLANG_ENABLE_OBJC_ARC = YES;
				CLANG_WARN_BOOL_CONVERSION = YES;
				CLANG_WARN_CONSTANT_CONVERSION = YES;
				CLANG_WARN_DIRECT_OBJC_ISA_USAGE = YES_ERROR;
				CLANG_WARN_EMPTY_BODY = YES;
				CLANG_WARN_ENUM_CONVERSION = YES;
				CLANG_WARN_INT_CONVERSION = YES;
				CLANG_WARN_OBJC_ROOT_CLASS = YES_ERROR;
				CLANG_WARN_UNREACHABLE_CODE = YES;
				CLANG_WARN__DUPLICATE_METHOD_MATCH = YES;
				"CODE_SIGN_IDENTITY[sdk=iphoneos*]" = "iPhone Developer";
				COPY_PHASE_STRIP = NO;
				DEBUG_INFORMATION_FORMAT = "dwarf-with-dsym";
				ENABLE_NS_ASSERTIONS = NO;
				ENABLE_STRICT_OBJC_MSGSEND = YES;
				GCC_C_LANGUAGE_STANDARD = gnu99;
				GCC_NO_COMMON_BLOCKS = YES;
				GCC_WARN_64_TO_32_BIT_CONVERSION = YES;
				GCC_WARN_ABOUT_RETURN_TYPE = YES_ERROR;
				GCC_WARN_UNDECLARED_SELECTOR = YES;
				GCC_WARN_UNINITIALIZED_AUTOS = YES_AGGRESSIVE;
				GCC_WARN_UNUSED_FUNCTION = YES;
				GCC_WARN_UNUSED_VARIABLE = YES;
				IPHONEOS_DEPLOYMENT_TARGET = 8.3;
				MTL_ENABLE_DEBUG_INFO = NO;
				SDKROOT = iphoneos;
				TARGETED_DEVICE_FAMILY = "1,2";
				VALIDATE_PRODUCT = YES;
			};
			name = Release;
		};
		393DD8841ABAD6F90024E5B4 /* Debug */ = {
			isa = XCBuildConfiguration;
			buildSettings = {
				ASSETCATALOG_COMPILER_APPICON_NAME = AppIcon;
				INFOPLIST_FILE = Emeal/Info.plist;
				IPHONEOS_DEPLOYMENT_TARGET = 8.0;
				LD_RUNPATH_SEARCH_PATHS = "$(inherited) @executable_path/Frameworks";
				PRODUCT_NAME = "$(TARGET_NAME)";
			};
			name = Debug;
		};
		393DD8851ABAD6F90024E5B4 /* Release */ = {
			isa = XCBuildConfiguration;
			buildSettings = {
				ASSETCATALOG_COMPILER_APPICON_NAME = AppIcon;
				INFOPLIST_FILE = Emeal/Info.plist;
				IPHONEOS_DEPLOYMENT_TARGET = 8.0;
				LD_RUNPATH_SEARCH_PATHS = "$(inherited) @executable_path/Frameworks";
				PRODUCT_NAME = "$(TARGET_NAME)";
			};
			name = Release;
		};
		393DD8871ABAD6F90024E5B4 /* Debug */ = {
			isa = XCBuildConfiguration;
			buildSettings = {
				BUNDLE_LOADER = "$(TEST_HOST)";
				FRAMEWORK_SEARCH_PATHS = (
					"$(SDKROOT)/Developer/Library/Frameworks",
					"$(inherited)",
				);
				GCC_PREPROCESSOR_DEFINITIONS = (
					"DEBUG=1",
					"$(inherited)",
				);
				INFOPLIST_FILE = EmealTests/Info.plist;
				LD_RUNPATH_SEARCH_PATHS = "$(inherited) @executable_path/Frameworks @loader_path/Frameworks";
				PRODUCT_NAME = "$(TARGET_NAME)";
				TEST_HOST = "$(BUILT_PRODUCTS_DIR)/Emeal.app/Emeal";
			};
			name = Debug;
		};
		393DD8881ABAD6F90024E5B4 /* Release */ = {
			isa = XCBuildConfiguration;
			buildSettings = {
				BUNDLE_LOADER = "$(TEST_HOST)";
				FRAMEWORK_SEARCH_PATHS = (
					"$(SDKROOT)/Developer/Library/Frameworks",
					"$(inherited)",
				);
				INFOPLIST_FILE = EmealTests/Info.plist;
				LD_RUNPATH_SEARCH_PATHS = "$(inherited) @executable_path/Frameworks @loader_path/Frameworks";
				PRODUCT_NAME = "$(TARGET_NAME)";
				TEST_HOST = "$(BUILT_PRODUCTS_DIR)/Emeal.app/Emeal";
			};
			name = Release;
		};
/* End XCBuildConfiguration section */

/* Begin XCConfigurationList section */
		393DD85F1ABAD6F90024E5B4 /* Build configuration list for PBXProject "Emeal" */ = {
			isa = XCConfigurationList;
			buildConfigurations = (
				393DD8811ABAD6F90024E5B4 /* Debug */,
				393DD8821ABAD6F90024E5B4 /* Release */,
			);
			defaultConfigurationIsVisible = 0;
			defaultConfigurationName = Release;
		};
		393DD8831ABAD6F90024E5B4 /* Build configuration list for PBXNativeTarget "Emeal" */ = {
			isa = XCConfigurationList;
			buildConfigurations = (
				393DD8841ABAD6F90024E5B4 /* Debug */,
				393DD8851ABAD6F90024E5B4 /* Release */,
			);
			defaultConfigurationIsVisible = 0;
		};
		393DD8861ABAD6F90024E5B4 /* Build configuration list for PBXNativeTarget "EmealTests" */ = {
			isa = XCConfigurationList;
			buildConfigurations = (
				393DD8871ABAD6F90024E5B4 /* Debug */,
				393DD8881ABAD6F90024E5B4 /* Release */,
			);
			defaultConfigurationIsVisible = 0;
		};
/* End XCConfigurationList section */
	};
	rootObject = 393DD85C1ABAD6F90024E5B4 /* Project object */;
}
